
Microsoft Visual Studio Solution File, Format Version 12.00
# TcXaeShell Solution File, Format Version 11.00
VisualStudioVersion = 15.0.33403.129
MinimumVisualStudioVersion = 10.0.40219.1
Project("{B1E792BE-AA5F-4E3C-8C82-674BF9C0715B}") = "Twincat_Mqtt_App", "Twincat_Mqtt_App\Twincat_Mqtt_App.tsproj", "{4EB2D7FD-74F9-41EA-89B1-B3EE9387F856}"
EndProject
Global
	GlobalSection(SolutionConfigurationPlatforms) = preSolution
		Debug|TwinCAT CE7 (ARMV7) = Debug|TwinCAT CE7 (ARMV7)
		Debug|TwinCAT OS (ARMT2) = Debug|TwinCAT OS (ARMT2)
		Debug|TwinCAT RT (x64) = Debug|TwinCAT RT (x64)
		Debug|TwinCAT RT (x86) = Debug|TwinCAT RT (x86)
		Release|TwinCAT CE7 (ARMV7) = Release|TwinCAT CE7 (ARMV7)
		Release|TwinCAT OS (ARMT2) = Release|TwinCAT OS (ARMT2)
		Release|TwinCAT RT (x64) = Release|TwinCAT RT (x64)
		Release|TwinCAT RT (x86) = Release|TwinCAT RT (x86)
	EndGlobalSection
	GlobalSection(ProjectConfigurationPlatforms) = postSolution
		{4EB2D7FD-74F9-41EA-89B1-B3EE9387F856}.Debug|TwinCAT CE7 (ARMV7).ActiveCfg = Debug|TwinCAT CE7 (ARMV7)
		{4EB2D7FD-74F9-41EA-89B1-B3EE9387F856}.Debug|TwinCAT CE7 (ARMV7).Build.0 = Debug|TwinCAT CE7 (ARMV7)
		{4EB2D7FD-74F9-41EA-89B1-B3EE9387F856}.Debug|TwinCAT OS (ARMT2).ActiveCfg = Debug|TwinCAT OS (ARMT2)
		{4EB2D7FD-74F9-41EA-89B1-B3EE9387F856}.Debug|TwinCAT OS (ARMT2).Build.0 = Debug|TwinCAT OS (ARMT2)
		{4EB2D7FD-74F9-41EA-89B1-B3EE9387F856}.Debug|TwinCAT RT (x64).ActiveCfg = Debug|TwinCAT RT (x64)
		{4EB2D7FD-74F9-41EA-89B1-B3EE9387F856}.Debug|TwinCAT RT (x64).Build.0 = Debug|TwinCAT RT (x64)
		{4EB2D7FD-74F9-41EA-89B1-B3EE9387F856}.Debug|TwinCAT RT (x86).ActiveCfg = Debug|TwinCAT RT (x86)
		{4EB2D7FD-74F9-41EA-89B1-B3EE9387F856}.Debug|TwinCAT RT (x86).Build.0 = Debug|TwinCAT RT (x86)
		{4EB2D7FD-74F9-41EA-89B1-B3EE9387F856}.Release|TwinCAT CE7 (ARMV7).ActiveCfg = Release|TwinCAT CE7 (ARMV7)
		{4EB2D7FD-74F9-41EA-89B1-B3EE9387F856}.Release|TwinCAT CE7 (ARMV7).Build.0 = Release|TwinCAT CE7 (ARMV7)
		{4EB2D7FD-74F9-41EA-89B1-B3EE9387F856}.Release|TwinCAT OS (ARMT2).ActiveCfg = Release|TwinCAT OS (ARMT2)
		{4EB2D7FD-74F9-41EA-89B1-B3EE9387F856}.Release|TwinCAT OS (ARMT2).Build.0 = Release|TwinCAT OS (ARMT2)
		{4EB2D7FD-74F9-41EA-89B1-B3EE9387F856}.Release|TwinCAT RT (x64).ActiveCfg = Release|TwinCAT RT (x64)
		{4EB2D7FD-74F9-41EA-89B1-B3EE9387F856}.Release|TwinCAT RT (x64).Build.0 = Release|TwinCAT RT (x64)
		{4EB2D7FD-74F9-41EA-89B1-B3EE9387F856}.Release|TwinCAT RT (x86).ActiveCfg = Release|TwinCAT RT (x86)
		{4EB2D7FD-74F9-41EA-89B1-B3EE9387F856}.Release|TwinCAT RT (x86).Build.0 = Release|TwinCAT RT (x86)
		{70B2B440-BA36-4A0E-97E1-86BF16D533F6}.Debug|TwinCAT CE7 (ARMV7).ActiveCfg = Debug|TwinCAT CE7 (ARMV7)
		{70B2B440-BA36-4A0E-97E1-86BF16D533F6}.Debug|TwinCAT CE7 (ARMV7).Build.0 = Debug|TwinCAT CE7 (ARMV7)
		{70B2B440-BA36-4A0E-97E1-86BF16D533F6}.Debug|TwinCAT OS (ARMT2).ActiveCfg = Debug|TwinCAT OS (ARMT2)
		{70B2B440-BA36-4A0E-97E1-86BF16D533F6}.Debug|TwinCAT OS (ARMT2).Build.0 = Debug|TwinCAT OS (ARMT2)
		{70B2B440-BA36-4A0E-97E1-86BF16D533F6}.Debug|TwinCAT RT (x64).ActiveCfg = Debug|TwinCAT RT (x64)
		{70B2B440-BA36-4A0E-97E1-86BF16D533F6}.Debug|TwinCAT RT (x64).Build.0 = Debug|TwinCAT RT (x64)
		{70B2B440-BA36-4A0E-97E1-86BF16D533F6}.Debug|TwinCAT RT (x86).ActiveCfg = Debug|TwinCAT RT (x86)
		{70B2B440-BA36-4A0E-97E1-86BF16D533F6}.Debug|TwinCAT RT (x86).Build.0 = Debug|TwinCAT RT (x86)
		{70B2B440-BA36-4A0E-97E1-86BF16D533F6}.Release|TwinCAT CE7 (ARMV7).ActiveCfg = Release|TwinCAT CE7 (ARMV7)
		{70B2B440-BA36-4A0E-97E1-86BF16D533F6}.Release|TwinCAT CE7 (ARMV7).Build.0 = Release|TwinCAT CE7 (ARMV7)
		{70B2B440-BA36-4A0E-97E1-86BF16D533F6}.Release|TwinCAT OS (ARMT2).ActiveCfg = Release|TwinCAT OS (ARMT2)
		{70B2B440-BA36-4A0E-97E1-86BF16D533F6}.Release|TwinCAT OS (ARMT2).Build.0 = Release|TwinCAT OS (ARMT2)
		{70B2B440-BA36-4A0E-97E1-86BF16D533F6}.Release|TwinCAT RT (x64).ActiveCfg = Release|TwinCAT RT (x64)
		{70B2B440-BA36-4A0E-97E1-86BF16D533F6}.Release|TwinCAT RT (x64).Build.0 = Release|TwinCAT RT (x64)
		{70B2B440-BA36-4A0E-97E1-86BF16D533F6}.Release|TwinCAT RT (x86).ActiveCfg = Release|TwinCAT RT (x86)
		{70B2B440-BA36-4A0E-97E1-86BF16D533F6}.Release|TwinCAT RT (x86).Build.0 = Release|TwinCAT RT (x86)
	EndGlobalSection
	GlobalSection(SolutionProperties) = preSolution
		HideSolutionNode = FALSE
	EndGlobalSection
	GlobalSection(ExtensibilityGlobals) = postSolution
		SolutionGuid = {25BE1743-5C64-4333-B93D-347C23BCB3BF}
	EndGlobalSection
EndGlobal
